
Microsoft Visual Studio Solution File, Format Version 12.00
# Visual Studio Version 17
VisualStudioVersion = 17.7.34221.43
MinimumVisualStudioVersion = 10.0.40219.1
Project("{FAE04EC0-301F-11D3-BF4B-00C04F79EFBC}") = "Human Readable Time", "Human Readable Time.csproj", "{86A61B29-23EA-4B06-852F-F12DF28BA8F8}"
EndProject
Global
	GlobalSection(SolutionConfigurationPlatforms) = preSolution
		Debug|Any CPU = Debug|Any CPU
		Release|Any CPU = Release|Any CPU
	EndGlobalSection
	GlobalSection(ProjectConfigurationPlatforms) = postSolution
		{86A61B29-23EA-4B06-852F-F12DF28BA8F8}.Debug|Any CPU.ActiveCfg = Debug|Any CPU
		{86A61B29-23EA-4B06-852F-F12DF28BA8F8}.Debug|Any CPU.Build.0 = Debug|Any CPU
		{86A61B29-23EA-4B06-852F-F12DF28BA8F8}.Release|Any CPU.ActiveCfg = Release|Any CPU
		{86A61B29-23EA-4B06-852F-F12DF28BA8F8}.Release|Any CPU.Build.0 = Release|Any CPU
	EndGlobalSection
	GlobalSection(SolutionProperties) = preSolution
		HideSolutionNode = FALSE
	EndGlobalSection
	GlobalSection(ExtensibilityGlobals) = postSolution
		SolutionGuid = {33860D47-3465-4F36-96FC-E8D639EA9EB3}
	EndGlobalSection
EndGlobal
